
Microsoft Visual Studio Solution File, Format Version 12.00
# Visual Studio Version 17
VisualStudioVersion = 17.3.32929.385
MinimumVisualStudioVersion = 10.0.40219.1
Project("{2150E333-8FDC-42A3-9474-1A3956D46DE8}") = "ApiGateway", "ApiGateway", "{2C671933-F4EC-447F-83AB-A246B5466E8F}"
EndProject
Project("{2150E333-8FDC-42A3-9474-1A3956D46DE8}") = "Services", "Services", "{981D5142-70AB-4461-8EB5-5C594FB80236}"
EndProject
Project("{2150E333-8FDC-42A3-9474-1A3956D46DE8}") = "Auth", "Auth", "{53015C5E-C733-48C7-96DB-9695327FD93B}"
EndProject
Project("{2150E333-8FDC-42A3-9474-1A3956D46DE8}") = "Patient", "Patient", "{C895DD66-BBF4-4A7C-B000-FAB322665C29}"
EndProject
Project("{9A19103F-16F7-4668-BE54-9A1E7A4F7556}") = "Auth.API", "Services\Auth\Auth.API\Auth.API.csproj", "{AEBE55A1-9996-462D-8F3F-ECF6D2C8642F}"
EndProject
Project("{2150E333-8FDC-42A3-9474-1A3956D46DE8}") = "ApplicationCore", "ApplicationCore", "{DF0E74C6-46BC-4153-8ACA-AC2D04350C45}"
EndProject
Project("{2150E333-8FDC-42A3-9474-1A3956D46DE8}") = "Common", "Common", "{063E0A43-2933-47D7-A98A-474ED7AF3B41}"
EndProject
Project("{9A19103F-16F7-4668-BE54-9A1E7A4F7556}") = "EmailSender", "ApplicationCore\Common\EmailSender\EmailSender.csproj", "{28D50446-6FFF-4E71-8601-DBCCAF769D7C}"
EndProject
Project("{9A19103F-16F7-4668-BE54-9A1E7A4F7556}") = "FileHandler", "ApplicationCore\Common\FileHandler\FileHandler.csproj", "{2D8896DD-FD6B-475C-8C3E-76502040A2FF}"
EndProject
Project("{9A19103F-16F7-4668-BE54-9A1E7A4F7556}") = "JWTAuthentication", "ApplicationCore\Common\JWTAuthentication\JWTAuthentication.csproj", "{FABF7036-D3F9-44DD-BCE3-8F700F175244}"
EndProject
Project("{9A19103F-16F7-4668-BE54-9A1E7A4F7556}") = "CommonDTOs", "ApplicationCore\Common\DTOs\CommonDTOs.csproj", "{5E391A55-7701-4350-B9B1-055873C68E68}"
EndProject
Project("{9A19103F-16F7-4668-BE54-9A1E7A4F7556}") = "CommonExceptionHandler", "ApplicationCore\Common\CommonExceptionHandler\CommonExceptionHandler.csproj", "{57A1D56A-2BE4-46D3-B3D3-9D010C9C34C5}"
EndProject
Project("{9A19103F-16F7-4668-BE54-9A1E7A4F7556}") = "CommonMessages", "ApplicationCore\Common\CommonMessages\CommonMessages.csproj", "{1C52FD27-9A7A-4EA8-94F5-C0CB7C00E86B}"
EndProject
Project("{2150E333-8FDC-42A3-9474-1A3956D46DE8}") = "BAL", "BAL", "{77C79560-A869-4368-8C2C-8C97132D8B37}"
EndProject
Project("{9A19103F-16F7-4668-BE54-9A1E7A4F7556}") = "AuthBAL", "Services\Auth\BAL\AuthBAL\AuthBAL.csproj", "{2660C0FD-240B-436A-9147-B6628C7D1DB6}"
EndProject
Project("{2150E333-8FDC-42A3-9474-1A3956D46DE8}") = "DAL", "DAL", "{D7E1D8BC-DB3A-4767-A663-771E6AD0C9A1}"
EndProject
Project("{9A19103F-16F7-4668-BE54-9A1E7A4F7556}") = "AuthDAL", "Services\Auth\DAL\AuthDAL\AuthDAL.csproj", "{7EDBCA28-A1E8-4171-A3DD-17963FA7886D}"
EndProject
Project("{9A19103F-16F7-4668-BE54-9A1E7A4F7556}") = "AppCommonMethods", "ApplicationCore\Common\AppCommonMethods\AppCommonMethods.csproj", "{0D5B7FAE-D446-4136-971A-B83D77454712}"
EndProject
Project("{9A19103F-16F7-4668-BE54-9A1E7A4F7556}") = "HMIS.Patient.Service", "Services\Patient\HMIS.Patient.Service\HMIS.Patient.Service.csproj", "{06471D67-4021-4674-86D7-3DED07B24BAE}"
EndProject
Project("{9A19103F-16F7-4668-BE54-9A1E7A4F7556}") = "HMIS.Patient.Domain", "Services\Patient\HMIS.Patient.Domain\HMIS.Patient.Domain.csproj", "{EA928B85-A03C-4497-8919-3BC7C673990F}"
EndProject
Project("{9A19103F-16F7-4668-BE54-9A1E7A4F7556}") = "HMIS.Patient.WebAPI", "Services\Patient\HMIS.Patient.WebAPI\HMIS.Patient.WebAPI.csproj", "{F383D945-5696-4A35-BEAE-C57915BB0C59}"
EndProject
Project("{9A19103F-16F7-4668-BE54-9A1E7A4F7556}") = "HMIS.ApplicationCore.Common", "ApplicationCore\HMIS.ApplicationCore.Common\HMIS.ApplicationCore.Common.csproj", "{02662DB4-946B-476E-9634-E02512F19036}"
EndProject
Project("{9A19103F-16F7-4668-BE54-9A1E7A4F7556}") = "HMIS.ApplicationCore.Domain", "ApplicationCore\HMIS.ApplicationCore.Domain\HMIS.ApplicationCore.Domain.csproj", "{B33DB6B7-C6C4-4B3D-8AE5-8DE2FAFD14E4}"
EndProject
Project("{9A19103F-16F7-4668-BE54-9A1E7A4F7556}") = "HMIS.ApplicationCore.Services", "ApplicationCore\HMIS.ApplicationCore.Services\HMIS.ApplicationCore.Services.csproj", "{D33D2EF3-4832-40F9-B06A-534A354B2E46}"
EndProject
Project("{9A19103F-16F7-4668-BE54-9A1E7A4F7556}") = "HMIS.Gateway.API", "APIGateway\HMIS.Gateway.API\HMIS.Gateway.API\HMIS.Gateway.API.csproj", "{7A7F32F2-93BA-40BD-882E-555996E03812}"
EndProject
Project("{9A19103F-16F7-4668-BE54-9A1E7A4F7556}") = "HMIS.Aggregator.API", "APIGateway\HMIS.Aggregator.API\HMIS.Aggregator.API.csproj", "{B38D33E2-CC6D-4FD4-B7C2-3C22DAE7C66E}"
EndProject
Project("{9A19103F-16F7-4668-BE54-9A1E7A4F7556}") = "SMSSender", "ApplicationCore\Common\SMSSender\SMSSender.csproj", "{BA6C6CB4-08C6-49AE-887B-F3961591A3D1}"
EndProject
Project("{9A19103F-16F7-4668-BE54-9A1E7A4F7556}") = "RedisCache", "ApplicationCore\Common\RedisCache\RedisCache\RedisCache.csproj", "{76023954-DF33-49A7-90F9-361756C7ED75}"
EndProject
Project("{2150E333-8FDC-42A3-9474-1A3956D46DE8}") = "Solution Items", "Solution Items", "{628EF07F-B6CD-454B-BB71-B707EE62C6B9}"
	ProjectSection(SolutionItems) = preProject
		.editorconfig = .editorconfig
	EndProjectSection
EndProject
Project("{2150E333-8FDC-42A3-9474-1A3956D46DE8}") = "SyncService", "SyncService", "{6C84AA33-F293-48B0-A90C-1559676D4D16}"
EndProject
Project("{9A19103F-16F7-4668-BE54-9A1E7A4F7556}") = "HMIS.Data.SyncUtility", "SyncService\HMIS.Data.SyncUtility\HMIS.Data.SyncUtility.csproj", "{C3B89669-9ED0-4D25-8FDE-B86073D7D139}"
EndProject
Project("{2150E333-8FDC-42A3-9474-1A3956D46DE8}") = "MIMS", "MIMS", "{FF6CD991-1DBD-4357-A73A-C48124BD14A6}"
EndProject
Project("{9A19103F-16F7-4668-BE54-9A1E7A4F7556}") = "HMIS.MIMS.WebAPI", "Services\MIMS\HMIS.MIMS.WebAPI\HMIS.MIMS.WebAPI.csproj", "{7630394F-FB3B-4D75-B6D5-7D73E1D6EF9F}"
EndProject
Project("{9A19103F-16F7-4668-BE54-9A1E7A4F7556}") = "HMIS.MIMS.Domain", "Services\MIMS\HMIS.MIMS.Domain\HMIS.MIMS.Domain.csproj", "{07BDEFFA-DADD-4426-83FC-3852D4712459}"
EndProject
Project("{9A19103F-16F7-4668-BE54-9A1E7A4F7556}") = "HMIS.MIMS.Service", "Services\MIMS\HMIS.MIMS.Service\HMIS.MIMS.Service.csproj", "{5C3F67E1-BE65-4D80-A4FC-6F51A995640B}"
EndProject
Project("{2150E333-8FDC-42A3-9474-1A3956D46DE8}") = "MEAs", "MEAs", "{A3FF4C83-EFB0-4E93-93DF-A35239939880}"
EndProject
Project("{9A19103F-16F7-4668-BE54-9A1E7A4F7556}") = "HMIS.MEAs.Domain", "Services\MEAs\HMIS.MEAs.Domain\HMIS.MEAs.Domain.csproj", "{47B3A2F0-0D00-487C-9A86-6E995FD39EAC}"
EndProject
Project("{9A19103F-16F7-4668-BE54-9A1E7A4F7556}") = "HMIS.MEAs.Service", "Services\MEAs\HMIS.MEAs.Service\HMIS.MEAs.Service.csproj", "{5258CAA0-AAC0-4269-8843-7AC7218047ED}"
EndProject
Project("{9A19103F-16F7-4668-BE54-9A1E7A4F7556}") = "HMIS.MEAs.WebAPI", "Services\MEAs\HMIS.MEAs.WebAPI\HMIS.MEAs.WebAPI.csproj", "{574EF9DB-6C05-474D-B357-30221AC85988}"
EndProject
Project("{9A19103F-16F7-4668-BE54-9A1E7A4F7556}") = "IMS_System.WepApi", "IMS_System\IMS_System.WepApi.csproj", "{DC83B77A-1D7A-4D18-BBEE-709A9C00CFF4}"
EndProject
Project("{2150E333-8FDC-42A3-9474-1A3956D46DE8}") = "IMSSystem", "IMSSystem", "{8AF0A56E-3067-47D8-B4D9-7050301FE67B}"
EndProject
Project("{9A19103F-16F7-4668-BE54-9A1E7A4F7556}") = "IMSSystem.Domain", "IMSSystem.Domain\IMSSystem.Domain.csproj", "{08881832-B4C3-420B-92E7-8515B5997CDC}"
EndProject
Project("{9A19103F-16F7-4668-BE54-9A1E7A4F7556}") = "IMS_System.Service", "IMS_System.Service\IMS_System.Service.csproj", "{9B66A469-24F2-4E44-A75C-516E7F650244}"
EndProject
Global
	GlobalSection(SolutionConfigurationPlatforms) = preSolution
		Debug|Any CPU = Debug|Any CPU
		Release|Any CPU = Release|Any CPU
		Staging|Any CPU = Staging|Any CPU
	EndGlobalSection
	GlobalSection(ProjectConfigurationPlatforms) = postSolution
		{AEBE55A1-9996-462D-8F3F-ECF6D2C8642F}.Debug|Any CPU.ActiveCfg = Debug|Any CPU
		{AEBE55A1-9996-462D-8F3F-ECF6D2C8642F}.Debug|Any CPU.Build.0 = Debug|Any CPU
		{AEBE55A1-9996-462D-8F3F-ECF6D2C8642F}.Release|Any CPU.ActiveCfg = Release|Any CPU
		{AEBE55A1-9996-462D-8F3F-ECF6D2C8642F}.Release|Any CPU.Build.0 = Release|Any CPU
		{AEBE55A1-9996-462D-8F3F-ECF6D2C8642F}.Staging|Any CPU.ActiveCfg = Release|Any CPU
		{AEBE55A1-9996-462D-8F3F-ECF6D2C8642F}.Staging|Any CPU.Build.0 = Release|Any CPU
		{28D50446-6FFF-4E71-8601-DBCCAF769D7C}.Debug|Any CPU.ActiveCfg = Debug|Any CPU
		{28D50446-6FFF-4E71-8601-DBCCAF769D7C}.Debug|Any CPU.Build.0 = Debug|Any CPU
		{28D50446-6FFF-4E71-8601-DBCCAF769D7C}.Release|Any CPU.ActiveCfg = Release|Any CPU
		{28D50446-6FFF-4E71-8601-DBCCAF769D7C}.Release|Any CPU.Build.0 = Release|Any CPU
		{28D50446-6FFF-4E71-8601-DBCCAF769D7C}.Staging|Any CPU.ActiveCfg = Release|Any CPU
		{28D50446-6FFF-4E71-8601-DBCCAF769D7C}.Staging|Any CPU.Build.0 = Release|Any CPU
		{2D8896DD-FD6B-475C-8C3E-76502040A2FF}.Debug|Any CPU.ActiveCfg = Debug|Any CPU
		{2D8896DD-FD6B-475C-8C3E-76502040A2FF}.Debug|Any CPU.Build.0 = Debug|Any CPU
		{2D8896DD-FD6B-475C-8C3E-76502040A2FF}.Release|Any CPU.ActiveCfg = Release|Any CPU
		{2D8896DD-FD6B-475C-8C3E-76502040A2FF}.Release|Any CPU.Build.0 = Release|Any CPU
		{2D8896DD-FD6B-475C-8C3E-76502040A2FF}.Staging|Any CPU.ActiveCfg = Release|Any CPU
		{2D8896DD-FD6B-475C-8C3E-76502040A2FF}.Staging|Any CPU.Build.0 = Release|Any CPU
		{FABF7036-D3F9-44DD-BCE3-8F700F175244}.Debug|Any CPU.ActiveCfg = Debug|Any CPU
		{FABF7036-D3F9-44DD-BCE3-8F700F175244}.Debug|Any CPU.Build.0 = Debug|Any CPU
		{FABF7036-D3F9-44DD-BCE3-8F700F175244}.Release|Any CPU.ActiveCfg = Release|Any CPU
		{FABF7036-D3F9-44DD-BCE3-8F700F175244}.Release|Any CPU.Build.0 = Release|Any CPU
		{FABF7036-D3F9-44DD-BCE3-8F700F175244}.Staging|Any CPU.ActiveCfg = Release|Any CPU
		{FABF7036-D3F9-44DD-BCE3-8F700F175244}.Staging|Any CPU.Build.0 = Release|Any CPU
		{5E391A55-7701-4350-B9B1-055873C68E68}.Debug|Any CPU.ActiveCfg = Debug|Any CPU
		{5E391A55-7701-4350-B9B1-055873C68E68}.Debug|Any CPU.Build.0 = Debug|Any CPU
		{5E391A55-7701-4350-B9B1-055873C68E68}.Release|Any CPU.ActiveCfg = Release|Any CPU
		{5E391A55-7701-4350-B9B1-055873C68E68}.Release|Any CPU.Build.0 = Release|Any CPU
		{5E391A55-7701-4350-B9B1-055873C68E68}.Staging|Any CPU.ActiveCfg = Release|Any CPU
		{5E391A55-7701-4350-B9B1-055873C68E68}.Staging|Any CPU.Build.0 = Release|Any CPU
		{57A1D56A-2BE4-46D3-B3D3-9D010C9C34C5}.Debug|Any CPU.ActiveCfg = Debug|Any CPU
		{57A1D56A-2BE4-46D3-B3D3-9D010C9C34C5}.Debug|Any CPU.Build.0 = Debug|Any CPU
		{57A1D56A-2BE4-46D3-B3D3-9D010C9C34C5}.Release|Any CPU.ActiveCfg = Release|Any CPU
		{57A1D56A-2BE4-46D3-B3D3-9D010C9C34C5}.Release|Any CPU.Build.0 = Release|Any CPU
		{57A1D56A-2BE4-46D3-B3D3-9D010C9C34C5}.Staging|Any CPU.ActiveCfg = Release|Any CPU
		{57A1D56A-2BE4-46D3-B3D3-9D010C9C34C5}.Staging|Any CPU.Build.0 = Release|Any CPU
		{1C52FD27-9A7A-4EA8-94F5-C0CB7C00E86B}.Debug|Any CPU.ActiveCfg = Debug|Any CPU
		{1C52FD27-9A7A-4EA8-94F5-C0CB7C00E86B}.Debug|Any CPU.Build.0 = Debug|Any CPU
		{1C52FD27-9A7A-4EA8-94F5-C0CB7C00E86B}.Release|Any CPU.ActiveCfg = Release|Any CPU
		{1C52FD27-9A7A-4EA8-94F5-C0CB7C00E86B}.Release|Any CPU.Build.0 = Release|Any CPU
		{1C52FD27-9A7A-4EA8-94F5-C0CB7C00E86B}.Staging|Any CPU.ActiveCfg = Release|Any CPU
		{1C52FD27-9A7A-4EA8-94F5-C0CB7C00E86B}.Staging|Any CPU.Build.0 = Release|Any CPU
		{2660C0FD-240B-436A-9147-B6628C7D1DB6}.Debug|Any CPU.ActiveCfg = Debug|Any CPU
		{2660C0FD-240B-436A-9147-B6628C7D1DB6}.Debug|Any CPU.Build.0 = Debug|Any CPU
		{2660C0FD-240B-436A-9147-B6628C7D1DB6}.Release|Any CPU.ActiveCfg = Release|Any CPU
		{2660C0FD-240B-436A-9147-B6628C7D1DB6}.Release|Any CPU.Build.0 = Release|Any CPU
		{2660C0FD-240B-436A-9147-B6628C7D1DB6}.Staging|Any CPU.ActiveCfg = Release|Any CPU
		{2660C0FD-240B-436A-9147-B6628C7D1DB6}.Staging|Any CPU.Build.0 = Release|Any CPU
		{7EDBCA28-A1E8-4171-A3DD-17963FA7886D}.Debug|Any CPU.ActiveCfg = Debug|Any CPU
		{7EDBCA28-A1E8-4171-A3DD-17963FA7886D}.Debug|Any CPU.Build.0 = Debug|Any CPU
		{7EDBCA28-A1E8-4171-A3DD-17963FA7886D}.Release|Any CPU.ActiveCfg = Release|Any CPU
		{7EDBCA28-A1E8-4171-A3DD-17963FA7886D}.Release|Any CPU.Build.0 = Release|Any CPU
		{7EDBCA28-A1E8-4171-A3DD-17963FA7886D}.Staging|Any CPU.ActiveCfg = Release|Any CPU
		{7EDBCA28-A1E8-4171-A3DD-17963FA7886D}.Staging|Any CPU.Build.0 = Release|Any CPU
		{0D5B7FAE-D446-4136-971A-B83D77454712}.Debug|Any CPU.ActiveCfg = Debug|Any CPU
		{0D5B7FAE-D446-4136-971A-B83D77454712}.Debug|Any CPU.Build.0 = Debug|Any CPU
		{0D5B7FAE-D446-4136-971A-B83D77454712}.Release|Any CPU.ActiveCfg = Release|Any CPU
		{0D5B7FAE-D446-4136-971A-B83D77454712}.Release|Any CPU.Build.0 = Release|Any CPU
		{0D5B7FAE-D446-4136-971A-B83D77454712}.Staging|Any CPU.ActiveCfg = Release|Any CPU
		{0D5B7FAE-D446-4136-971A-B83D77454712}.Staging|Any CPU.Build.0 = Release|Any CPU
		{06471D67-4021-4674-86D7-3DED07B24BAE}.Debug|Any CPU.ActiveCfg = Debug|Any CPU
		{06471D67-4021-4674-86D7-3DED07B24BAE}.Debug|Any CPU.Build.0 = Debug|Any CPU
		{06471D67-4021-4674-86D7-3DED07B24BAE}.Release|Any CPU.ActiveCfg = Release|Any CPU
		{06471D67-4021-4674-86D7-3DED07B24BAE}.Release|Any CPU.Build.0 = Release|Any CPU
		{06471D67-4021-4674-86D7-3DED07B24BAE}.Staging|Any CPU.ActiveCfg = Release|Any CPU
		{06471D67-4021-4674-86D7-3DED07B24BAE}.Staging|Any CPU.Build.0 = Release|Any CPU
		{EA928B85-A03C-4497-8919-3BC7C673990F}.Debug|Any CPU.ActiveCfg = Debug|Any CPU
		{EA928B85-A03C-4497-8919-3BC7C673990F}.Debug|Any CPU.Build.0 = Debug|Any CPU
		{EA928B85-A03C-4497-8919-3BC7C673990F}.Release|Any CPU.ActiveCfg = Release|Any CPU
		{EA928B85-A03C-4497-8919-3BC7C673990F}.Release|Any CPU.Build.0 = Release|Any CPU
		{EA928B85-A03C-4497-8919-3BC7C673990F}.Staging|Any CPU.ActiveCfg = Release|Any CPU
		{EA928B85-A03C-4497-8919-3BC7C673990F}.Staging|Any CPU.Build.0 = Release|Any CPU
		{F383D945-5696-4A35-BEAE-C57915BB0C59}.Debug|Any CPU.ActiveCfg = Debug|Any CPU
		{F383D945-5696-4A35-BEAE-C57915BB0C59}.Debug|Any CPU.Build.0 = Debug|Any CPU
		{F383D945-5696-4A35-BEAE-C57915BB0C59}.Release|Any CPU.ActiveCfg = Release|Any CPU
		{F383D945-5696-4A35-BEAE-C57915BB0C59}.Release|Any CPU.Build.0 = Release|Any CPU
		{F383D945-5696-4A35-BEAE-C57915BB0C59}.Staging|Any CPU.ActiveCfg = Release|Any CPU
		{F383D945-5696-4A35-BEAE-C57915BB0C59}.Staging|Any CPU.Build.0 = Release|Any CPU
		{02662DB4-946B-476E-9634-E02512F19036}.Debug|Any CPU.ActiveCfg = Debug|Any CPU
		{02662DB4-946B-476E-9634-E02512F19036}.Debug|Any CPU.Build.0 = Debug|Any CPU
		{02662DB4-946B-476E-9634-E02512F19036}.Release|Any CPU.ActiveCfg = Release|Any CPU
		{02662DB4-946B-476E-9634-E02512F19036}.Release|Any CPU.Build.0 = Release|Any CPU
		{02662DB4-946B-476E-9634-E02512F19036}.Staging|Any CPU.ActiveCfg = Release|Any CPU
		{02662DB4-946B-476E-9634-E02512F19036}.Staging|Any CPU.Build.0 = Release|Any CPU
		{B33DB6B7-C6C4-4B3D-8AE5-8DE2FAFD14E4}.Debug|Any CPU.ActiveCfg = Debug|Any CPU
		{B33DB6B7-C6C4-4B3D-8AE5-8DE2FAFD14E4}.Debug|Any CPU.Build.0 = Debug|Any CPU
		{B33DB6B7-C6C4-4B3D-8AE5-8DE2FAFD14E4}.Release|Any CPU.ActiveCfg = Release|Any CPU
		{B33DB6B7-C6C4-4B3D-8AE5-8DE2FAFD14E4}.Release|Any CPU.Build.0 = Release|Any CPU
		{B33DB6B7-C6C4-4B3D-8AE5-8DE2FAFD14E4}.Staging|Any CPU.ActiveCfg = Release|Any CPU
		{B33DB6B7-C6C4-4B3D-8AE5-8DE2FAFD14E4}.Staging|Any CPU.Build.0 = Release|Any CPU
		{D33D2EF3-4832-40F9-B06A-534A354B2E46}.Debug|Any CPU.ActiveCfg = Debug|Any CPU
		{D33D2EF3-4832-40F9-B06A-534A354B2E46}.Debug|Any CPU.Build.0 = Debug|Any CPU
		{D33D2EF3-4832-40F9-B06A-534A354B2E46}.Release|Any CPU.ActiveCfg = Release|Any CPU
		{D33D2EF3-4832-40F9-B06A-534A354B2E46}.Release|Any CPU.Build.0 = Release|Any CPU
		{D33D2EF3-4832-40F9-B06A-534A354B2E46}.Staging|Any CPU.ActiveCfg = Release|Any CPU
		{D33D2EF3-4832-40F9-B06A-534A354B2E46}.Staging|Any CPU.Build.0 = Release|Any CPU
		{7A7F32F2-93BA-40BD-882E-555996E03812}.Debug|Any CPU.ActiveCfg = Debug|Any CPU
		{7A7F32F2-93BA-40BD-882E-555996E03812}.Debug|Any CPU.Build.0 = Debug|Any CPU
		{7A7F32F2-93BA-40BD-882E-555996E03812}.Release|Any CPU.ActiveCfg = Release|Any CPU
		{7A7F32F2-93BA-40BD-882E-555996E03812}.Release|Any CPU.Build.0 = Release|Any CPU
		{7A7F32F2-93BA-40BD-882E-555996E03812}.Staging|Any CPU.ActiveCfg = Release|Any CPU
		{7A7F32F2-93BA-40BD-882E-555996E03812}.Staging|Any CPU.Build.0 = Release|Any CPU
		{B38D33E2-CC6D-4FD4-B7C2-3C22DAE7C66E}.Debug|Any CPU.ActiveCfg = Debug|Any CPU
		{B38D33E2-CC6D-4FD4-B7C2-3C22DAE7C66E}.Debug|Any CPU.Build.0 = Debug|Any CPU
		{B38D33E2-CC6D-4FD4-B7C2-3C22DAE7C66E}.Release|Any CPU.ActiveCfg = Release|Any CPU
		{B38D33E2-CC6D-4FD4-B7C2-3C22DAE7C66E}.Release|Any CPU.Build.0 = Release|Any CPU
		{B38D33E2-CC6D-4FD4-B7C2-3C22DAE7C66E}.Staging|Any CPU.ActiveCfg = Release|Any CPU
		{B38D33E2-CC6D-4FD4-B7C2-3C22DAE7C66E}.Staging|Any CPU.Build.0 = Release|Any CPU
		{BA6C6CB4-08C6-49AE-887B-F3961591A3D1}.Debug|Any CPU.ActiveCfg = Debug|Any CPU
		{BA6C6CB4-08C6-49AE-887B-F3961591A3D1}.Debug|Any CPU.Build.0 = Debug|Any CPU
		{BA6C6CB4-08C6-49AE-887B-F3961591A3D1}.Release|Any CPU.ActiveCfg = Release|Any CPU
		{BA6C6CB4-08C6-49AE-887B-F3961591A3D1}.Release|Any CPU.Build.0 = Release|Any CPU
		{BA6C6CB4-08C6-49AE-887B-F3961591A3D1}.Staging|Any CPU.ActiveCfg = Release|Any CPU
		{BA6C6CB4-08C6-49AE-887B-F3961591A3D1}.Staging|Any CPU.Build.0 = Release|Any CPU
		{76023954-DF33-49A7-90F9-361756C7ED75}.Debug|Any CPU.ActiveCfg = Debug|Any CPU
		{76023954-DF33-49A7-90F9-361756C7ED75}.Debug|Any CPU.Build.0 = Debug|Any CPU
		{76023954-DF33-49A7-90F9-361756C7ED75}.Release|Any CPU.ActiveCfg = Release|Any CPU
		{76023954-DF33-49A7-90F9-361756C7ED75}.Release|Any CPU.Build.0 = Release|Any CPU
		{76023954-DF33-49A7-90F9-361756C7ED75}.Staging|Any CPU.ActiveCfg = Debug|Any CPU
		{76023954-DF33-49A7-90F9-361756C7ED75}.Staging|Any CPU.Build.0 = Debug|Any CPU
		{C3B89669-9ED0-4D25-8FDE-B86073D7D139}.Debug|Any CPU.ActiveCfg = Debug|Any CPU
		{C3B89669-9ED0-4D25-8FDE-B86073D7D139}.Debug|Any CPU.Build.0 = Debug|Any CPU
		{C3B89669-9ED0-4D25-8FDE-B86073D7D139}.Release|Any CPU.ActiveCfg = Release|Any CPU
		{C3B89669-9ED0-4D25-8FDE-B86073D7D139}.Release|Any CPU.Build.0 = Release|Any CPU
		{C3B89669-9ED0-4D25-8FDE-B86073D7D139}.Staging|Any CPU.ActiveCfg = Debug|Any CPU
		{C3B89669-9ED0-4D25-8FDE-B86073D7D139}.Staging|Any CPU.Build.0 = Debug|Any CPU
		{7630394F-FB3B-4D75-B6D5-7D73E1D6EF9F}.Debug|Any CPU.ActiveCfg = Debug|Any CPU
		{7630394F-FB3B-4D75-B6D5-7D73E1D6EF9F}.Debug|Any CPU.Build.0 = Debug|Any CPU
		{7630394F-FB3B-4D75-B6D5-7D73E1D6EF9F}.Release|Any CPU.ActiveCfg = Release|Any CPU
		{7630394F-FB3B-4D75-B6D5-7D73E1D6EF9F}.Release|Any CPU.Build.0 = Release|Any CPU
		{7630394F-FB3B-4D75-B6D5-7D73E1D6EF9F}.Staging|Any CPU.ActiveCfg = Debug|Any CPU
		{7630394F-FB3B-4D75-B6D5-7D73E1D6EF9F}.Staging|Any CPU.Build.0 = Debug|Any CPU
		{07BDEFFA-DADD-4426-83FC-3852D4712459}.Debug|Any CPU.ActiveCfg = Debug|Any CPU
		{07BDEFFA-DADD-4426-83FC-3852D4712459}.Debug|Any CPU.Build.0 = Debug|Any CPU
		{07BDEFFA-DADD-4426-83FC-3852D4712459}.Release|Any CPU.ActiveCfg = Release|Any CPU
		{07BDEFFA-DADD-4426-83FC-3852D4712459}.Release|Any CPU.Build.0 = Release|Any CPU
		{07BDEFFA-DADD-4426-83FC-3852D4712459}.Staging|Any CPU.ActiveCfg = Debug|Any CPU
		{07BDEFFA-DADD-4426-83FC-3852D4712459}.Staging|Any CPU.Build.0 = Debug|Any CPU
		{5C3F67E1-BE65-4D80-A4FC-6F51A995640B}.Debug|Any CPU.ActiveCfg = Debug|Any CPU
		{5C3F67E1-BE65-4D80-A4FC-6F51A995640B}.Debug|Any CPU.Build.0 = Debug|Any CPU
		{5C3F67E1-BE65-4D80-A4FC-6F51A995640B}.Release|Any CPU.ActiveCfg = Release|Any CPU
		{5C3F67E1-BE65-4D80-A4FC-6F51A995640B}.Release|Any CPU.Build.0 = Release|Any CPU
		{5C3F67E1-BE65-4D80-A4FC-6F51A995640B}.Staging|Any CPU.ActiveCfg = Debug|Any CPU
		{5C3F67E1-BE65-4D80-A4FC-6F51A995640B}.Staging|Any CPU.Build.0 = Debug|Any CPU
		{47B3A2F0-0D00-487C-9A86-6E995FD39EAC}.Debug|Any CPU.ActiveCfg = Debug|Any CPU
		{47B3A2F0-0D00-487C-9A86-6E995FD39EAC}.Debug|Any CPU.Build.0 = Debug|Any CPU
		{47B3A2F0-0D00-487C-9A86-6E995FD39EAC}.Release|Any CPU.ActiveCfg = Release|Any CPU
		{47B3A2F0-0D00-487C-9A86-6E995FD39EAC}.Release|Any CPU.Build.0 = Release|Any CPU
		{47B3A2F0-0D00-487C-9A86-6E995FD39EAC}.Staging|Any CPU.ActiveCfg = Debug|Any CPU
		{47B3A2F0-0D00-487C-9A86-6E995FD39EAC}.Staging|Any CPU.Build.0 = Debug|Any CPU
		{5258CAA0-AAC0-4269-8843-7AC7218047ED}.Debug|Any CPU.ActiveCfg = Debug|Any CPU
		{5258CAA0-AAC0-4269-8843-7AC7218047ED}.Debug|Any CPU.Build.0 = Debug|Any CPU
		{5258CAA0-AAC0-4269-8843-7AC7218047ED}.Release|Any CPU.ActiveCfg = Release|Any CPU
		{5258CAA0-AAC0-4269-8843-7AC7218047ED}.Release|Any CPU.Build.0 = Release|Any CPU
		{5258CAA0-AAC0-4269-8843-7AC7218047ED}.Staging|Any CPU.ActiveCfg = Debug|Any CPU
		{5258CAA0-AAC0-4269-8843-7AC7218047ED}.Staging|Any CPU.Build.0 = Debug|Any CPU
		{574EF9DB-6C05-474D-B357-30221AC85988}.Debug|Any CPU.ActiveCfg = Debug|Any CPU
		{574EF9DB-6C05-474D-B357-30221AC85988}.Debug|Any CPU.Build.0 = Debug|Any CPU
		{574EF9DB-6C05-474D-B357-30221AC85988}.Release|Any CPU.ActiveCfg = Release|Any CPU
		{574EF9DB-6C05-474D-B357-30221AC85988}.Release|Any CPU.Build.0 = Release|Any CPU
		{574EF9DB-6C05-474D-B357-30221AC85988}.Staging|Any CPU.ActiveCfg = Debug|Any CPU
		{574EF9DB-6C05-474D-B357-30221AC85988}.Staging|Any CPU.Build.0 = Debug|Any CPU
		{DC83B77A-1D7A-4D18-BBEE-709A9C00CFF4}.Debug|Any CPU.ActiveCfg = Debug|Any CPU
		{DC83B77A-1D7A-4D18-BBEE-709A9C00CFF4}.Debug|Any CPU.Build.0 = Debug|Any CPU
		{DC83B77A-1D7A-4D18-BBEE-709A9C00CFF4}.Release|Any CPU.ActiveCfg = Release|Any CPU
		{DC83B77A-1D7A-4D18-BBEE-709A9C00CFF4}.Release|Any CPU.Build.0 = Release|Any CPU
		{DC83B77A-1D7A-4D18-BBEE-709A9C00CFF4}.Staging|Any CPU.ActiveCfg = Debug|Any CPU
		{DC83B77A-1D7A-4D18-BBEE-709A9C00CFF4}.Staging|Any CPU.Build.0 = Debug|Any CPU
		{08881832-B4C3-420B-92E7-8515B5997CDC}.Debug|Any CPU.ActiveCfg = Debug|Any CPU
		{08881832-B4C3-420B-92E7-8515B5997CDC}.Debug|Any CPU.Build.0 = Debug|Any CPU
		{08881832-B4C3-420B-92E7-8515B5997CDC}.Release|Any CPU.ActiveCfg = Release|Any CPU
		{08881832-B4C3-420B-92E7-8515B5997CDC}.Release|Any CPU.Build.0 = Release|Any CPU
		{08881832-B4C3-420B-92E7-8515B5997CDC}.Staging|Any CPU.ActiveCfg = Debug|Any CPU
		{08881832-B4C3-420B-92E7-8515B5997CDC}.Staging|Any CPU.Build.0 = Debug|Any CPU
		{9B66A469-24F2-4E44-A75C-516E7F650244}.Debug|Any CPU.ActiveCfg = Debug|Any CPU
		{9B66A469-24F2-4E44-A75C-516E7F650244}.Debug|Any CPU.Build.0 = Debug|Any CPU
		{9B66A469-24F2-4E44-A75C-516E7F650244}.Release|Any CPU.ActiveCfg = Release|Any CPU
		{9B66A469-24F2-4E44-A75C-516E7F650244}.Release|Any CPU.Build.0 = Release|Any CPU
		{9B66A469-24F2-4E44-A75C-516E7F650244}.Staging|Any CPU.ActiveCfg = Debug|Any CPU
		{9B66A469-24F2-4E44-A75C-516E7F650244}.Staging|Any CPU.Build.0 = Debug|Any CPU
	EndGlobalSection
	GlobalSection(SolutionProperties) = preSolution
		HideSolutionNode = FALSE
	EndGlobalSection
	GlobalSection(NestedProjects) = preSolution
		{53015C5E-C733-48C7-96DB-9695327FD93B} = {981D5142-70AB-4461-8EB5-5C594FB80236}
		{C895DD66-BBF4-4A7C-B000-FAB322665C29} = {981D5142-70AB-4461-8EB5-5C594FB80236}
		{AEBE55A1-9996-462D-8F3F-ECF6D2C8642F} = {53015C5E-C733-48C7-96DB-9695327FD93B}
		{063E0A43-2933-47D7-A98A-474ED7AF3B41} = {DF0E74C6-46BC-4153-8ACA-AC2D04350C45}
		{28D50446-6FFF-4E71-8601-DBCCAF769D7C} = {063E0A43-2933-47D7-A98A-474ED7AF3B41}
		{2D8896DD-FD6B-475C-8C3E-76502040A2FF} = {063E0A43-2933-47D7-A98A-474ED7AF3B41}
		{FABF7036-D3F9-44DD-BCE3-8F700F175244} = {063E0A43-2933-47D7-A98A-474ED7AF3B41}
		{5E391A55-7701-4350-B9B1-055873C68E68} = {063E0A43-2933-47D7-A98A-474ED7AF3B41}
		{57A1D56A-2BE4-46D3-B3D3-9D010C9C34C5} = {063E0A43-2933-47D7-A98A-474ED7AF3B41}
		{1C52FD27-9A7A-4EA8-94F5-C0CB7C00E86B} = {063E0A43-2933-47D7-A98A-474ED7AF3B41}
		{77C79560-A869-4368-8C2C-8C97132D8B37} = {53015C5E-C733-48C7-96DB-9695327FD93B}
		{2660C0FD-240B-436A-9147-B6628C7D1DB6} = {77C79560-A869-4368-8C2C-8C97132D8B37}
		{D7E1D8BC-DB3A-4767-A663-771E6AD0C9A1} = {53015C5E-C733-48C7-96DB-9695327FD93B}
		{7EDBCA28-A1E8-4171-A3DD-17963FA7886D} = {D7E1D8BC-DB3A-4767-A663-771E6AD0C9A1}
		{0D5B7FAE-D446-4136-971A-B83D77454712} = {063E0A43-2933-47D7-A98A-474ED7AF3B41}
		{06471D67-4021-4674-86D7-3DED07B24BAE} = {C895DD66-BBF4-4A7C-B000-FAB322665C29}
		{EA928B85-A03C-4497-8919-3BC7C673990F} = {C895DD66-BBF4-4A7C-B000-FAB322665C29}
		{F383D945-5696-4A35-BEAE-C57915BB0C59} = {C895DD66-BBF4-4A7C-B000-FAB322665C29}
		{02662DB4-946B-476E-9634-E02512F19036} = {DF0E74C6-46BC-4153-8ACA-AC2D04350C45}
		{B33DB6B7-C6C4-4B3D-8AE5-8DE2FAFD14E4} = {DF0E74C6-46BC-4153-8ACA-AC2D04350C45}
		{D33D2EF3-4832-40F9-B06A-534A354B2E46} = {DF0E74C6-46BC-4153-8ACA-AC2D04350C45}
		{7A7F32F2-93BA-40BD-882E-555996E03812} = {2C671933-F4EC-447F-83AB-A246B5466E8F}
		{B38D33E2-CC6D-4FD4-B7C2-3C22DAE7C66E} = {2C671933-F4EC-447F-83AB-A246B5466E8F}
		{BA6C6CB4-08C6-49AE-887B-F3961591A3D1} = {063E0A43-2933-47D7-A98A-474ED7AF3B41}
		{76023954-DF33-49A7-90F9-361756C7ED75} = {063E0A43-2933-47D7-A98A-474ED7AF3B41}
		{C3B89669-9ED0-4D25-8FDE-B86073D7D139} = {6C84AA33-F293-48B0-A90C-1559676D4D16}
		{FF6CD991-1DBD-4357-A73A-C48124BD14A6} = {981D5142-70AB-4461-8EB5-5C594FB80236}
		{7630394F-FB3B-4D75-B6D5-7D73E1D6EF9F} = {FF6CD991-1DBD-4357-A73A-C48124BD14A6}
		{07BDEFFA-DADD-4426-83FC-3852D4712459} = {FF6CD991-1DBD-4357-A73A-C48124BD14A6}
		{5C3F67E1-BE65-4D80-A4FC-6F51A995640B} = {FF6CD991-1DBD-4357-A73A-C48124BD14A6}
		{A3FF4C83-EFB0-4E93-93DF-A35239939880} = {981D5142-70AB-4461-8EB5-5C594FB80236}
		{47B3A2F0-0D00-487C-9A86-6E995FD39EAC} = {A3FF4C83-EFB0-4E93-93DF-A35239939880}
		{5258CAA0-AAC0-4269-8843-7AC7218047ED} = {A3FF4C83-EFB0-4E93-93DF-A35239939880}
		{574EF9DB-6C05-474D-B357-30221AC85988} = {A3FF4C83-EFB0-4E93-93DF-A35239939880}
		{DC83B77A-1D7A-4D18-BBEE-709A9C00CFF4} = {8AF0A56E-3067-47D8-B4D9-7050301FE67B}
		{8AF0A56E-3067-47D8-B4D9-7050301FE67B} = {981D5142-70AB-4461-8EB5-5C594FB80236}
		{08881832-B4C3-420B-92E7-8515B5997CDC} = {8AF0A56E-3067-47D8-B4D9-7050301FE67B}
		{9B66A469-24F2-4E44-A75C-516E7F650244} = {8AF0A56E-3067-47D8-B4D9-7050301FE67B}
	EndGlobalSection
	GlobalSection(ExtensibilityGlobals) = postSolution
		SolutionGuid = {438FB0EF-C95C-4720-9AB2-562BD8C87473}
	EndGlobalSection
EndGlobal
